// !$*UTF8*$!
{
	archiveVersion = 1;
	classes = {
	};
	objectVersion = 46;
	objects = {

/* Begin PBXBuildFile section */
		36482AEB1C4EB6660033E48D /* AppDelegate.swift in Sources */ = {isa = PBXBuildFile; fileRef = 36482AEA1C4EB6660033E48D /* AppDelegate.swift */; };
		36482AED1C4EB6660033E48D /* ViewController.swift in Sources */ = {isa = PBXBuildFile; fileRef = 36482AEC1C4EB6660033E48D /* ViewController.swift */; };
		36482AF01C4EB6660033E48D /* Main.storyboard in Resources */ = {isa = PBXBuildFile; fileRef = 36482AEE1C4EB6660033E48D /* Main.storyboard */; };
		36482AF21C4EB6660033E48D /* Assets.xcassets in Resources */ = {isa = PBXBuildFile; fileRef = 36482AF11C4EB6660033E48D /* Assets.xcassets */; };
		36482AF51C4EB6660033E48D /* LaunchScreen.storyboard in Resources */ = {isa = PBXBuildFile; fileRef = 36482AF31C4EB6660033E48D /* LaunchScreen.storyboard */; };
		588054D8FE37A5EA75E121DD /* Pods_WirestormChallenge.framework in Frameworks */ = {isa = PBXBuildFile; fileRef = DCA8FCD76562DA39A5393700 /* Pods_WirestormChallenge.framework */; };
/* End PBXBuildFile section */

/* Begin PBXFileReference section */
		36482AE71C4EB6660033E48D /* WirestormChallenge.app */ = {isa = PBXFileReference; explicitFileType = wrapper.application; includeInIndex = 0; path = WirestormChallenge.app; sourceTree = BUILT_PRODUCTS_DIR; };
		36482AEA1C4EB6660033E48D /* AppDelegate.swift */ = {isa = PBXFileReference; lastKnownFileType = sourcecode.swift; path = AppDelegate.swift; sourceTree = "<group>"; };
		36482AEC1C4EB6660033E48D /* ViewController.swift */ = {isa = PBXFileReference; lastKnownFileType = sourcecode.swift; path = ViewController.swift; sourceTree = "<group>"; };
		36482AEF1C4EB6660033E48D /* Base */ = {isa = PBXFileReference; lastKnownFileType = file.storyboard; name = Base; path = Base.lproj/Main.storyboard; sourceTree = "<group>"; };
		36482AF11C4EB6660033E48D /* Assets.xcassets */ = {isa = PBXFileReference; lastKnownFileType = folder.assetcatalog; path = Assets.xcassets; sourceTree = "<group>"; };
		36482AF41C4EB6660033E48D /* Base */ = {isa = PBXFileReference; lastKnownFileType = file.storyboard; name = Base; path = Base.lproj/LaunchScreen.storyboard; sourceTree = "<group>"; };
		36482AF61C4EB6660033E48D /* Info.plist */ = {isa = PBXFileReference; lastKnownFileType = text.plist.xml; path = Info.plist; sourceTree = "<group>"; };
		757949C3278A9D1BF32ACC07 /* Pods-WirestormChallenge.release.xcconfig */ = {isa = PBXFileReference; includeInIndex = 1; lastKnownFileType = text.xcconfig; name = "Pods-WirestormChallenge.release.xcconfig"; path = "Pods/Target Support Files/Pods-WirestormChallenge/Pods-WirestormChallenge.release.xcconfig"; sourceTree = "<group>"; };
		78176C80C5AE00BE104E9073 /* Pods-WirestormChallenge.debug.xcconfig */ = {isa = PBXFileReference; includeInIndex = 1; lastKnownFileType = text.xcconfig; name = "Pods-WirestormChallenge.debug.xcconfig"; path = "Pods/Target Support Files/Pods-WirestormChallenge/Pods-WirestormChallenge.debug.xcconfig"; sourceTree = "<group>"; };
		DCA8FCD76562DA39A5393700 /* Pods_WirestormChallenge.framework */ = {isa = PBXFileReference; explicitFileType = wrapper.framework; includeInIndex = 0; path = Pods_WirestormChallenge.framework; sourceTree = BUILT_PRODUCTS_DIR; };
/* End PBXFileReference section */

/* Begin PBXFrameworksBuildPhase section */
		36482AE41C4EB6660033E48D /* Frameworks */ = {
			isa = PBXFrameworksBuildPhase;
			buildActionMask = 2147483647;
			files = (
				588054D8FE37A5EA75E121DD /* Pods_WirestormChallenge.framework in Frameworks */,
			);
			runOnlyForDeploymentPostprocessing = 0;
		};
/* End PBXFrameworksBuildPhase section */

/* Begin PBXGroup section */
		36482ADE1C4EB6660033E48D = {
			isa = PBXGroup;
			children = (
				36482AE91C4EB6660033E48D /* WirestormChallenge */,
				36482AE81C4EB6660033E48D /* Products */,
				5FEC1A0AFDB4A33F48E9C489 /* Pods */,
				B3328C689A259E10CDD11FCD /* Frameworks */,
			);
			sourceTree = "<group>";
		};
		36482AE81C4EB6660033E48D /* Products */ = {
			isa = PBXGroup;
			children = (
				36482AE71C4EB6660033E48D /* WirestormChallenge.app */,
			);
			name = Products;
			sourceTree = "<group>";
		};
		36482AE91C4EB6660033E48D /* WirestormChallenge */ = {
			isa = PBXGroup;
			children = (
				36482AEA1C4EB6660033E48D /* AppDelegate.swift */,
				36482AEC1C4EB6660033E48D /* ViewController.swift */,
				36482AEE1C4EB6660033E48D /* Main.storyboard */,
				36482AF11C4EB6660033E48D /* Assets.xcassets */,
				36482AF31C4EB6660033E48D /* LaunchScreen.storyboard */,
				36482AF61C4EB6660033E48D /* Info.plist */,
			);
			path = WirestormChallenge;
			sourceTree = "<group>";
		};
		5FEC1A0AFDB4A33F48E9C489 /* Pods */ = {
			isa = PBXGroup;
			children = (
				78176C80C5AE00BE104E9073 /* Pods-WirestormChallenge.debug.xcconfig */,
				757949C3278A9D1BF32ACC07 /* Pods-WirestormChallenge.release.xcconfig */,
			);
			name = Pods;
			sourceTree = "<group>";
		};
		B3328C689A259E10CDD11FCD /* Frameworks */ = {
			isa = PBXGroup;
			children = (
				DCA8FCD76562DA39A5393700 /* Pods_WirestormChallenge.framework */,
			);
			name = Frameworks;
			sourceTree = "<group>";
		};
/* End PBXGroup section */

/* Begin PBXNativeTarget section */
		36482AE61C4EB6660033E48D /* WirestormChallenge */ = {
			isa = PBXNativeTarget;
			buildConfigurationList = 36482AF91C4EB6660033E48D /* Build configuration list for PBXNativeTarget "WirestormChallenge" */;
			buildPhases = (
				526053012C28211159A0F0D2 /* Check Pods Manifest.lock */,
				36482AE31C4EB6660033E48D /* Sources */,
				36482AE41C4EB6660033E48D /* Frameworks */,
				36482AE51C4EB6660033E48D /* Resources */,
				49D9C729E2A148D327CF057C /* Embed Pods Frameworks */,
				2D1D85CCC60355B0B9ABAD37 /* Copy Pods Resources */,
			);
			buildRules = (
			);
			dependencies = (
			);
			name = WirestormChallenge;
			productName = WirestormChallenge;
			productReference = 36482AE71C4EB6660033E48D /* WirestormChallenge.app */;
			productType = "com.apple.product-type.application";
		};
/* End PBXNativeTarget section */

/* Begin PBXProject section */
		36482ADF1C4EB6660033E48D /* Project object */ = {
			isa = PBXProject;
			attributes = {
				LastSwiftUpdateCheck = 0720;
				LastUpgradeCheck = 0720;
				ORGANIZATIONNAME = "Ninth Coast";
				TargetAttributes = {
					36482AE61C4EB6660033E48D = {
						CreatedOnToolsVersion = 7.2;
					};
				};
			};
			buildConfigurationList = 36482AE21C4EB6660033E48D /* Build configuration list for PBXProject "WirestormChallenge" */;
			compatibilityVersion = "Xcode 3.2";
			developmentRegion = English;
			hasScannedForEncodings = 0;
			knownRegions = (
				en,
				Base,
			);
			mainGroup = 36482ADE1C4EB6660033E48D;
			productRefGroup = 36482AE81C4EB6660033E48D /* Products */;
			projectDirPath = "";
			projectRoot = "";
			targets = (
				36482AE61C4EB6660033E48D /* WirestormChallenge */,
			);
		};
/* End PBXProject section */

/* Begin PBXResourcesBuildPhase section */
		36482AE51C4EB6660033E48D /* Resources */ = {
			isa = PBXResourcesBuildPhase;
			buildActionMask = 2147483647;
			files = (
				36482AF51C4EB6660033E48D /* LaunchScreen.storyboard in Resources */,
				36482AF21C4EB6660033E48D /* Assets.xcassets in Resources */,
				36482AF01C4EB6660033E48D /* Main.storyboard in Resources */,
			);
			runOnlyForDeploymentPostprocessing = 0;
		};
/* End PBXResourcesBuildPhase section */

/* Begin PBXShellScriptBuildPhase section */
		2D1D85CCC60355B0B9ABAD37 /* Copy Pods Resources */ = {
			isa = PBXShellScriptBuildPhase;
			buildActionMask = 2147483647;
			files = (
			);
			inputPaths = (
			);
			name = "Copy Pods Resources";
			outputPaths = (
			);
			runOnlyForDeploymentPostprocessing = 0;
			shellPath = /bin/sh;
			shellScript = "\"${SRCROOT}/Pods/Target Support Files/Pods-WirestormChallenge/Pods-WirestormChallenge-resources.sh\"\n";
			showEnvVarsInLog = 0;
		};
		49D9C729E2A148D327CF057C /* Embed Pods Frameworks */ = {
			isa = PBXShellScriptBuildPhase;
			buildActionMask = 2147483647;
			files = (
			);
			inputPaths = (
			);
			name = "Embed Pods Frameworks";
			outputPaths = (
			);
			runOnlyForDeploymentPostprocessing = 0;
			shellPath = /bin/sh;
			shellScript = "\"${SRCROOT}/Pods/Target Support Files/Pods-WirestormChallenge/Pods-WirestormChallenge-frameworks.sh\"\n";
			showEnvVarsInLog = 0;
		};
		526053012C28211159A0F0D2 /* Check Pods Manifest.lock */ = {
			isa = PBXShellScriptBuildPhase;
			buildActionMask = 2147483647;
			files = (
			);
			inputPaths = (
			);
			name = "Check Pods Manifest.lock";
			outputPaths = (
			);
			runOnlyForDeploymentPostprocessing = 0;
			shellPath = /bin/sh;
			shellScript = "diff \"${PODS_ROOT}/../Podfile.lock\" \"${PODS_ROOT}/Manifest.lock\" > /dev/null\nif [[ $? != 0 ]] ; then\n    cat << EOM\nerror: The sandbox is not in sync with the Podfile.lock. Run 'pod install' or update your CocoaPods installation.\nEOM\n    exit 1\nfi\n";
			showEnvVarsInLog = 0;
		};
/* End PBXShellScriptBuildPhase section */

/* Begin PBXSourcesBuildPhase section */
		36482AE31C4EB6660033E48D /* Sources */ = {
			isa = PBXSourcesBuildPhase;
			buildActionMask = 2147483647;
			files = (
				36482AED1C4EB6660033E48D /* ViewController.swift in Sources */,
				36482AEB1C4EB6660033E48D /* AppDelegate.swift in Sources */,
			);
			runOnlyForDeploymentPostprocessing = 0;
		};
/* End PBXSourcesBuildPhase section */

/* Begin PBXVariantGroup section */
		36482AEE1C4EB6660033E48D /* Main.storyboard */ = {
			isa = PBXVariantGroup;
			children = (
				36482AEF1C4EB6660033E48D /* Base */,
			);
			name = Main.storyboard;
			sourceTree = "<group>";
		};
		36482AF31C4EB6660033E48D /* LaunchScreen.storyboard */ = {
			isa = PBXVariantGroup;
			children = (
				36482AF41C4EB6660033E48D /* Base */,
			);
			name = LaunchScreen.storyboard;
			sourceTree = "<group>";
		};
/* End PBXVariantGroup section */

/* Begin XCBuildConfiguration section */
		36482AF71C4EB6660033E48D /* Debug */ = {
			isa = XCBuildConfiguration;
			buildSettings = {
				ALWAYS_SEARCH_USER_PATHS = NO;
				CLANG_CXX_LANGUAGE_STANDARD = "gnu++0x";
				CLANG_CXX_LIBRARY = "libc++";
				CLANG_ENABLE_MODULES = YES;
				CLANG_ENABLE_OBJC_ARC = YES;
				CLANG_WARN_BOOL_CONVERSION = YES;
				CLANG_WARN_CONSTANT_CONVERSION = YES;
				CLANG_WARN_DIRECT_OBJC_ISA_USAGE = YES_ERROR;
				CLANG_WARN_EMPTY_BODY = YES;
				CLANG_WARN_ENUM_CONVERSION = YES;
				CLANG_WARN_INT_CONVERSION = YES;
				CLANG_WARN_OBJC_ROOT_CLASS = YES_ERROR;
				CLANG_WARN_UNREACHABLE_CODE = YES;
				CLANG_WARN__DUPLICATE_METHOD_MATCH = YES;
				"CODE_SIGN_IDENTITY[sdk=iphoneos*]" = "iPhone Developer";
				COPY_PHASE_STRIP = NO;
				DEBUG_INFORMATION_FORMAT = dwarf;
				ENABLE_STRICT_OBJC_MSGSEND = YES;
				ENABLE_TESTABILITY = YES;
				GCC_C_LANGUAGE_STANDARD = gnu99;
				GCC_DYNAMIC_NO_PIC = NO;
				GCC_NO_COMMON_BLOCKS = YES;
				GCC_OPTIMIZATION_LEVEL = 0;
				GCC_PREPROCESSOR_DEFINITIONS = (
					"DEBUG=1",
					"$(inherited)",
				);
				GCC_WARN_64_TO_32_BIT_CONVERSION = YES;
				GCC_WARN_ABOUT_RETURN_TYPE = YES_ERROR;
				GCC_WARN_UNDECLARED_SELECTOR = YES;
				GCC_WARN_UNINITIALIZED_AUTOS = YES_AGGRESSIVE;
				GCC_WARN_UNUSED_FUNCTION = YES;
				GCC_WARN_UNUSED_VARIABLE = YES;
				IPHONEOS_DEPLOYMENT_TARGET = 9.2;
				MTL_ENABLE_DEBUG_INFO = YES;
				ONLY_ACTIVE_ARCH = YES;
				SDKROOT = iphoneos;
				SWIFT_OPTIMIZATION_LEVEL = "-Onone";
			};
			name = Debug;
		};
		36482AF81C4EB6660033E48D /* Release */ = {
			isa = XCBuildConfiguration;
			buildSettings = {
				ALWAYS_SEARCH_USER_PATHS = NO;
				CLANG_CXX_LANGUAGE_STANDARD = "gnu++0x";
				CLANG_CXX_LIBRARY = "libc++";
				CLANG_ENABLE_MODULES = YES;
				CLANG_ENABLE_OBJC_ARC = YES;
				CLANG_WARN_BOOL_CONVERSION = YES;
				CLANG_WARN_CONSTANT_CONVERSION = YES;
				CLANG_WARN_DIRECT_OBJC_ISA_USAGE = YES_ERROR;
				CLANG_WARN_EMPTY_BODY = YES;
				CLANG_WARN_ENUM_CONVERSION = YES;
				CLANG_WARN_INT_CONVERSION = YES;
				CLANG_WARN_OBJC_ROOT_CLASS = YES_ERROR;
				CLANG_WARN_UNREACHABLE_CODE = YES;
				CLANG_WARN__DUPLICATE_METHOD_MATCH = YES;
				"CODE_SIGN_IDENTITY[sdk=iphoneos*]" = "iPhone Developer";
				COPY_PHASE_STRIP = NO;
				DEBUG_INFORMATION_FORMAT = "dwarf-with-dsym";
				ENABLE_NS_ASSERTIONS = NO;
				ENABLE_STRICT_OBJC_MSGSEND = YES;
				GCC_C_LANGUAGE_STANDARD = gnu99;
				GCC_NO_COMMON_BLOCKS = YES;
				GCC_WARN_64_TO_32_BIT_CONVERSION = YES;
				GCC_WARN_ABOUT_RETURN_TYPE = YES_ERROR;
				GCC_WARN_UNDECLARED_SELECTOR = YES;
				GCC_WARN_UNINITIALIZED_AUTOS = YES_AGGRESSIVE;
				GCC_WARN_UNUSED_FUNCTION = YES;
				GCC_WARN_UNUSED_VARIABLE = YES;
				IPHONEOS_DEPLOYMENT_TARGET = 9.2;
				MTL_ENABLE_DEBUG_INFO = NO;
				SDKROOT = iphoneos;
				VALIDATE_PRODUCT = YES;
			};
			name = Release;
		};
		36482AFA1C4EB6660033E48D /* Debug */ = {
			isa = XCBuildConfiguration;
			baseConfigurationReference = 78176C80C5AE00BE104E9073 /* Pods-WirestormChallenge.debug.xcconfig */;
			buildSettings = {
				ASSETCATALOG_COMPILER_APPICON_NAME = AppIcon;
				INFOPLIST_FILE = WirestormChallenge/Info.plist;
				LD_RUNPATH_SEARCH_PATHS = "$(inherited) @executable_path/Frameworks";
				PRODUCT_BUNDLE_IDENTIFIER = com.ninthcoast.WirestormChallenge;
				PRODUCT_NAME = "$(TARGET_NAME)";
			};
			name = Debug;
		};
		36482AFB1C4EB6660033E48D /* Release */ = {
			isa = XCBuildConfiguration;
			baseConfigurationReference = 757949C3278A9D1BF32ACC07 /* Pods-WirestormChallenge.release.xcconfig */;
			buildSettings = {
				ASSETCATALOG_COMPILER_APPICON_NAME = AppIcon;
				INFOPLIST_FILE = WirestormChallenge/Info.plist;
				LD_RUNPATH_SEARCH_PATHS = "$(inherited) @executable_path/Frameworks";
				PRODUCT_BUNDLE_IDENTIFIER = com.ninthcoast.WirestormChallenge;
				PRODUCT_NAME = "$(TARGET_NAME)";
			};
			name = Release;
		};
/* End XCBuildConfiguration section */

/* Begin XCConfigurationList section */
		36482AE21C4EB6660033E48D /* Build configuration list for PBXProject "WirestormChallenge" */ = {
			isa = XCConfigurationList;
			buildConfigurations = (
				36482AF71C4EB6660033E48D /* Debug */,
				36482AF81C4EB6660033E48D /* Release */,
			);
			defaultConfigurationIsVisible = 0;
			defaultConfigurationName = Release;
		};
		36482AF91C4EB6660033E48D /* Build configuration list for PBXNativeTarget "WirestormChallenge" */ = {
			isa = XCConfigurationList;
			buildConfigurations = (
				36482AFA1C4EB6660033E48D /* Debug */,
				36482AFB1C4EB6660033E48D /* Release */,
			);
			defaultConfigurationIsVisible = 0;
			defaultConfigurationName = Release;
		};
/* End XCConfigurationList section */
	};
	rootObject = 36482ADF1C4EB6660033E48D /* Project object */;
}
